{
  "name": "typescript-4.8-dts-poc",
  "lockfileVersion": 2,
  "requires": true,
  "packages": {
    "": {
      "workspaces": [
        "4.7.4",
        "4.8.3"
      ]
    },
    "4.7.4": {
      "devDependencies": {
        "typescript": "4.7.4"
      }
    },
    "4.8.3": {
      "devDependencies": {
        "typescript": "4.8.3"
      }
    },
    "4.8.3/node_modules/typescript": {
      "version": "4.8.3",
      "resolved": "https://registry.npmjs.org/typescript/-/typescript-4.8.3.tgz",
      "integrity": "sha512-goMHfm00nWPa8UvR/CPSvykqf6dVV8x/dp0c5mFTMTIu0u0FlGWRioyy7Nn0PGAdHxpJZnuO/ut+PpQ8UiHAig==",
      "dev": true,
      "bin": {
        "tsc": "bin/tsc",
        "tsserver": "bin/tsserver"
      },
      "engines": {
        "node": ">=4.2.0"
      }
    },
    "node_modules/4.7.4": {
      "resolved": "4.7.4",
      "link": true
    },
    "node_modules/4.8.3": {
      "resolved": "4.8.3",
      "link": true
    },
    "node_modules/typescript": {
      "version": "4.7.4",
      "resolved": "https://registry.npmjs.org/typescript/-/typescript-4.7.4.tgz",
      "integrity": "sha512-C0WQT0gezHuw6AdY1M2jxUO83Rjf0HP7Sk1DtXj6j1EwkQNZrHAg2XPWlq62oqEhYvONq5pkC2Y9oPljWToLmQ==",
      "dev": true,
      "bin": {
        "tsc": "bin/tsc",
        "tsserver": "bin/tsserver"
      },
      "engines": {
        "node": ">=4.2.0"
      }
    }
  },
  "dependencies": {
    "4.7.4": {
      "version": "file:4.7.4",
      "requires": {
        "typescript": "4.7.4"
      }
    },
    "4.8.3": {
      "version": "file:4.8.3",
      "requires": {
        "typescript": "4.8.3"
      },
      "dependencies": {
        "typescript": {
          "version": "4.8.3",
          "resolved": "https://registry.npmjs.org/typescript/-/typescript-4.8.3.tgz",
          "integrity": "sha512-goMHfm00nWPa8UvR/CPSvykqf6dVV8x/dp0c5mFTMTIu0u0FlGWRioyy7Nn0PGAdHxpJZnuO/ut+PpQ8UiHAig==",
          "dev": true
        }
      }
    },
    "typescript": {
      "version": "4.7.4",
      "resolved": "https://registry.npmjs.org/typescript/-/typescript-4.7.4.tgz",
      "integrity": "sha512-C0WQT0gezHuw6AdY1M2jxUO83Rjf0HP7Sk1DtXj6j1EwkQNZrHAg2XPWlq62oqEhYvONq5pkC2Y9oPljWToLmQ==",
      "dev": true
    }
  }
}
